// !$*UTF8*$!
{
	archiveVersion = 1;
	classes = {
	};
	objectVersion = 48;
	objects = {

/* Begin PBXBuildFile section */
		3622036C221BB747009649C1 /* AppDelegate.swift in Sources */ = {isa = PBXBuildFile; fileRef = 3622036B221BB747009649C1 /* AppDelegate.swift */; };
		3622036E221BB747009649C1 /* ViewController.swift in Sources */ = {isa = PBXBuildFile; fileRef = 3622036D221BB747009649C1 /* ViewController.swift */; };
		36220371221BB747009649C1 /* Main.storyboard in Resources */ = {isa = PBXBuildFile; fileRef = 3622036F221BB747009649C1 /* Main.storyboard */; };
		36220373221BB747009649C1 /* Assets.xcassets in Resources */ = {isa = PBXBuildFile; fileRef = 36220372221BB747009649C1 /* Assets.xcassets */; };
		36220376221BB747009649C1 /* LaunchScreen.storyboard in Resources */ = {isa = PBXBuildFile; fileRef = 36220374221BB747009649C1 /* LaunchScreen.storyboard */; };
		3622037F221BBA08009649C1 /* Second.storyboard in Resources */ = {isa = PBXBuildFile; fileRef = 3622037D221BBA08009649C1 /* Second.storyboard */; };
/* End PBXBuildFile section */

/* Begin PBXFileReference section */
		36220368221BB747009649C1 /* 09Storyboard重構.app */ = {isa = PBXFileReference; explicitFileType = wrapper.application; includeInIndex = 0; path = "09Storyboard重構.app"; sourceTree = BUILT_PRODUCTS_DIR; };
		3622036B221BB747009649C1 /* AppDelegate.swift */ = {isa = PBXFileReference; lastKnownFileType = sourcecode.swift; path = AppDelegate.swift; sourceTree = "<group>"; };
		3622036D221BB747009649C1 /* ViewController.swift */ = {isa = PBXFileReference; lastKnownFileType = sourcecode.swift; path = ViewController.swift; sourceTree = "<group>"; };
		36220370221BB747009649C1 /* Base */ = {isa = PBXFileReference; lastKnownFileType = file.storyboard; name = Base; path = Base.lproj/Main.storyboard; sourceTree = "<group>"; };
		36220372221BB747009649C1 /* Assets.xcassets */ = {isa = PBXFileReference; lastKnownFileType = folder.assetcatalog; path = Assets.xcassets; sourceTree = "<group>"; };
		36220375221BB747009649C1 /* Base */ = {isa = PBXFileReference; lastKnownFileType = file.storyboard; name = Base; path = Base.lproj/LaunchScreen.storyboard; sourceTree = "<group>"; };
		36220377221BB747009649C1 /* Info.plist */ = {isa = PBXFileReference; lastKnownFileType = text.plist.xml; path = Info.plist; sourceTree = "<group>"; };
		3622037E221BBA08009649C1 /* Base */ = {isa = PBXFileReference; lastKnownFileType = file.storyboard; name = Base; path = "09Storyboard重構/Base.lproj/Second.storyboard"; sourceTree = "<group>"; };
/* End PBXFileReference section */

/* Begin PBXFrameworksBuildPhase section */
		36220365221BB747009649C1 /* Frameworks */ = {
			isa = PBXFrameworksBuildPhase;
			buildActionMask = 2147483647;
			files = (
			);
			runOnlyForDeploymentPostprocessing = 0;
		};
/* End PBXFrameworksBuildPhase section */

/* Begin PBXGroup section */
		3622035F221BB747009649C1 = {
			isa = PBXGroup;
			children = (
				3622037D221BBA08009649C1 /* Second.storyboard */,
				3622036A221BB747009649C1 /* 09Storyboard重構 */,
				36220369221BB747009649C1 /* Products */,
			);
			sourceTree = "<group>";
		};
		36220369221BB747009649C1 /* Products */ = {
			isa = PBXGroup;
			children = (
				36220368221BB747009649C1 /* 09Storyboard重構.app */,
			);
			name = Products;
			sourceTree = "<group>";
		};
		3622036A221BB747009649C1 /* 09Storyboard重構 */ = {
			isa = PBXGroup;
			children = (
				3622036B221BB747009649C1 /* AppDelegate.swift */,
				3622036D221BB747009649C1 /* ViewController.swift */,
				3622036F221BB747009649C1 /* Main.storyboard */,
				36220372221BB747009649C1 /* Assets.xcassets */,
				36220374221BB747009649C1 /* LaunchScreen.storyboard */,
				36220377221BB747009649C1 /* Info.plist */,
			);
			path = "09Storyboard重構";
			sourceTree = "<group>";
		};
/* End PBXGroup section */

/* Begin PBXNativeTarget section */
		36220367221BB747009649C1 /* 09Storyboard重構 */ = {
			isa = PBXNativeTarget;
			buildConfigurationList = 3622037A221BB747009649C1 /* Build configuration list for PBXNativeTarget "09Storyboard重構" */;
			buildPhases = (
				36220364221BB747009649C1 /* Sources */,
				36220365221BB747009649C1 /* Frameworks */,
				36220366221BB747009649C1 /* Resources */,
			);
			buildRules = (
			);
			dependencies = (
			);
			name = "09Storyboard重構";
			productName = "09Storyboard重構";
			productReference = 36220368221BB747009649C1 /* 09Storyboard重構.app */;
			productType = "com.apple.product-type.application";
		};
/* End PBXNativeTarget section */

/* Begin PBXProject section */
		36220360221BB747009649C1 /* Project object */ = {
			isa = PBXProject;
			attributes = {
				LastSwiftUpdateCheck = 0920;
				LastUpgradeCheck = 0920;
				ORGANIZATIONNAME = Hank;
				TargetAttributes = {
					36220367221BB747009649C1 = {
						CreatedOnToolsVersion = 9.2;
						ProvisioningStyle = Automatic;
					};
				};
			};
			buildConfigurationList = 36220363221BB747009649C1 /* Build configuration list for PBXProject "09Storyboard重構" */;
			compatibilityVersion = "Xcode 8.0";
			developmentRegion = en;
			hasScannedForEncodings = 0;
			knownRegions = (
				en,
				Base,
			);
			mainGroup = 3622035F221BB747009649C1;
			productRefGroup = 36220369221BB747009649C1 /* Products */;
			projectDirPath = "";
			projectRoot = "";
			targets = (
				36220367221BB747009649C1 /* 09Storyboard重構 */,
			);
		};
/* End PBXProject section */

/* Begin PBXResourcesBuildPhase section */
		36220366221BB747009649C1 /* Resources */ = {
			isa = PBXResourcesBuildPhase;
			buildActionMask = 2147483647;
			files = (
				3622037F221BBA08009649C1 /* Second.storyboard in Resources */,
				36220376221BB747009649C1 /* LaunchScreen.storyboard in Resources */,
				36220373221BB747009649C1 /* Assets.xcassets in Resources */,
				36220371221BB747009649C1 /* Main.storyboard in Resources */,
			);
			runOnlyForDeploymentPostprocessing = 0;
		};
/* End PBXResourcesBuildPhase section */

/* Begin PBXSourcesBuildPhase section */
		36220364221BB747009649C1 /* Sources */ = {
			isa = PBXSourcesBuildPhase;
			buildActionMask = 2147483647;
			files = (
				3622036E221BB747009649C1 /* ViewController.swift in Sources */,
				3622036C221BB747009649C1 /* AppDelegate.swift in Sources */,
			);
			runOnlyForDeploymentPostprocessing = 0;
		};
/* End PBXSourcesBuildPhase section */

/* Begin PBXVariantGroup section */
		3622036F221BB747009649C1 /* Main.storyboard */ = {
			isa = PBXVariantGroup;
			children = (
				36220370221BB747009649C1 /* Base */,
			);
			name = Main.storyboard;
			sourceTree = "<group>";
		};
		36220374221BB747009649C1 /* LaunchScreen.storyboard */ = {
			isa = PBXVariantGroup;
			children = (
				36220375221BB747009649C1 /* Base */,
			);
			name = LaunchScreen.storyboard;
			sourceTree = "<group>";
		};
		3622037D221BBA08009649C1 /* Second.storyboard */ = {
			isa = PBXVariantGroup;
			children = (
				3622037E221BBA08009649C1 /* Base */,
			);
			name = Second.storyboard;
			sourceTree = "<group>";
		};
/* End PBXVariantGroup section */

/* Begin XCBuildConfiguration section */
		36220378221BB747009649C1 /* Debug */ = {
			isa = XCBuildConfiguration;
			buildSettings = {
				ALWAYS_SEARCH_USER_PATHS = NO;
				CLANG_ANALYZER_NONNULL = YES;
				CLANG_ANALYZER_NUMBER_OBJECT_CONVERSION = YES_AGGRESSIVE;
				CLANG_CXX_LANGUAGE_STANDARD = "gnu++14";
				CLANG_CXX_LIBRARY = "libc++";
				CLANG_ENABLE_MODULES = YES;
				CLANG_ENABLE_OBJC_ARC = YES;
				CLANG_WARN_BLOCK_CAPTURE_AUTORELEASING = YES;
				CLANG_WARN_BOOL_CONVERSION = YES;
				CLANG_WARN_COMMA = YES;
				CLANG_WARN_CONSTANT_CONVERSION = YES;
				CLANG_WARN_DIRECT_OBJC_ISA_USAGE = YES_ERROR;
				CLANG_WARN_DOCUMENTATION_COMMENTS = YES;
				CLANG_WARN_EMPTY_BODY = YES;
				CLANG_WARN_ENUM_CONVERSION = YES;
				CLANG_WARN_INFINITE_RECURSION = YES;
				CLANG_WARN_INT_CONVERSION = YES;
				CLANG_WARN_NON_LITERAL_NULL_CONVERSION = YES;
				CLANG_WARN_OBJC_LITERAL_CONVERSION = YES;
				CLANG_WARN_OBJC_ROOT_CLASS = YES_ERROR;
				CLANG_WARN_RANGE_LOOP_ANALYSIS = YES;
				CLANG_WARN_STRICT_PROTOTYPES = YES;
				CLANG_WARN_SUSPICIOUS_MOVE = YES;
				CLANG_WARN_UNGUARDED_AVAILABILITY = YES_AGGRESSIVE;
				CLANG_WARN_UNREACHABLE_CODE = YES;
				CLANG_WARN__DUPLICATE_METHOD_MATCH = YES;
				CODE_SIGN_IDENTITY = "iPhone Developer";
				COPY_PHASE_STRIP = NO;
				DEBUG_INFORMATION_FORMAT = dwarf;
				ENABLE_STRICT_OBJC_MSGSEND = YES;
				ENABLE_TESTABILITY = YES;
				GCC_C_LANGUAGE_STANDARD = gnu11;
				GCC_DYNAMIC_NO_PIC = NO;
				GCC_NO_COMMON_BLOCKS = YES;
				GCC_OPTIMIZATION_LEVEL = 0;
				GCC_PREPROCESSOR_DEFINITIONS = (
					"DEBUG=1",
					"$(inherited)",
				);
				GCC_WARN_64_TO_32_BIT_CONVERSION = YES;
				GCC_WARN_ABOUT_RETURN_TYPE = YES_ERROR;
				GCC_WARN_UNDECLARED_SELECTOR = YES;
				GCC_WARN_UNINITIALIZED_AUTOS = YES_AGGRESSIVE;
				GCC_WARN_UNUSED_FUNCTION = YES;
				GCC_WARN_UNUSED_VARIABLE = YES;
				IPHONEOS_DEPLOYMENT_TARGET = 11.2;
				MTL_ENABLE_DEBUG_INFO = YES;
				ONLY_ACTIVE_ARCH = YES;
				SDKROOT = iphoneos;
				SWIFT_ACTIVE_COMPILATION_CONDITIONS = DEBUG;
				SWIFT_OPTIMIZATION_LEVEL = "-Onone";
			};
			name = Debug;
		};
		36220379221BB747009649C1 /* Release */ = {
			isa = XCBuildConfiguration;
			buildSettings = {
				ALWAYS_SEARCH_USER_PATHS = NO;
				CLANG_ANALYZER_NONNULL = YES;
				CLANG_ANALYZER_NUMBER_OBJECT_CONVERSION = YES_AGGRESSIVE;
				CLANG_CXX_LANGUAGE_STANDARD = "gnu++14";
				CLANG_CXX_LIBRARY = "libc++";
				CLANG_ENABLE_MODULES = YES;
				CLANG_ENABLE_OBJC_ARC = YES;
				CLANG_WARN_BLOCK_CAPTURE_AUTORELEASING = YES;
				CLANG_WARN_BOOL_CONVERSION = YES;
				CLANG_WARN_COMMA = YES;
				CLANG_WARN_CONSTANT_CONVERSION = YES;
				CLANG_WARN_DIRECT_OBJC_ISA_USAGE = YES_ERROR;
				CLANG_WARN_DOCUMENTATION_COMMENTS = YES;
				CLANG_WARN_EMPTY_BODY = YES;
				CLANG_WARN_ENUM_CONVERSION = YES;
				CLANG_WARN_INFINITE_RECURSION = YES;
				CLANG_WARN_INT_CONVERSION = YES;
				CLANG_WARN_NON_LITERAL_NULL_CONVERSION = YES;
				CLANG_WARN_OBJC_LITERAL_CONVERSION = YES;
				CLANG_WARN_OBJC_ROOT_CLASS = YES_ERROR;
				CLANG_WARN_RANGE_LOOP_ANALYSIS = YES;
				CLANG_WARN_STRICT_PROTOTYPES = YES;
				CLANG_WARN_SUSPICIOUS_MOVE = YES;
				CLANG_WARN_UNGUARDED_AVAILABILITY = YES_AGGRESSIVE;
				CLANG_WARN_UNREACHABLE_CODE = YES;
				CLANG_WARN__DUPLICATE_METHOD_MATCH = YES;
				CODE_SIGN_IDENTITY = "iPhone Developer";
				COPY_PHASE_STRIP = NO;
				DEBUG_INFORMATION_FORMAT = "dwarf-with-dsym";
				ENABLE_NS_ASSERTIONS = NO;
				ENABLE_STRICT_OBJC_MSGSEND = YES;
				GCC_C_LANGUAGE_STANDARD = gnu11;
				GCC_NO_COMMON_BLOCKS = YES;
				GCC_WARN_64_TO_32_BIT_CONVERSION = YES;
				GCC_WARN_ABOUT_RETURN_TYPE = YES_ERROR;
				GCC_WARN_UNDECLARED_SELECTOR = YES;
				GCC_WARN_UNINITIALIZED_AUTOS = YES_AGGRESSIVE;
				GCC_WARN_UNUSED_FUNCTION = YES;
				GCC_WARN_UNUSED_VARIABLE = YES;
				IPHONEOS_DEPLOYMENT_TARGET = 11.2;
				MTL_ENABLE_DEBUG_INFO = NO;
				SDKROOT = iphoneos;
				SWIFT_OPTIMIZATION_LEVEL = "-Owholemodule";
				VALIDATE_PRODUCT = YES;
			};
			name = Release;
		};
		3622037B221BB747009649C1 /* Debug */ = {
			isa = XCBuildConfiguration;
			buildSettings = {
				ASSETCATALOG_COMPILER_APPICON_NAME = AppIcon;
				CODE_SIGN_STYLE = Automatic;
				INFOPLIST_FILE = "09Storyboard重構/Info.plist";
				LD_RUNPATH_SEARCH_PATHS = "$(inherited) @executable_path/Frameworks";
				PRODUCT_BUNDLE_IDENTIFIER = "Trt.App.-9Storyboard--";
				PRODUCT_NAME = "$(TARGET_NAME)";
				SWIFT_VERSION = 4.0;
				TARGETED_DEVICE_FAMILY = "1,2";
			};
			name = Debug;
		};
		3622037C221BB747009649C1 /* Release */ = {
			isa = XCBuildConfiguration;
			buildSettings = {
				ASSETCATALOG_COMPILER_APPICON_NAME = AppIcon;
				CODE_SIGN_STYLE = Automatic;
				INFOPLIST_FILE = "09Storyboard重構/Info.plist";
				LD_RUNPATH_SEARCH_PATHS = "$(inherited) @executable_path/Frameworks";
				PRODUCT_BUNDLE_IDENTIFIER = "Trt.App.-9Storyboard--";
				PRODUCT_NAME = "$(TARGET_NAME)";
				SWIFT_VERSION = 4.0;
				TARGETED_DEVICE_FAMILY = "1,2";
			};
			name = Release;
		};
/* End XCBuildConfiguration section */

/* Begin XCConfigurationList section */
		36220363221BB747009649C1 /* Build configuration list for PBXProject "09Storyboard重構" */ = {
			isa = XCConfigurationList;
			buildConfigurations = (
				36220378221BB747009649C1 /* Debug */,
				36220379221BB747009649C1 /* Release */,
			);
			defaultConfigurationIsVisible = 0;
			defaultConfigurationName = Release;
		};
		3622037A221BB747009649C1 /* Build configuration list for PBXNativeTarget "09Storyboard重構" */ = {
			isa = XCConfigurationList;
			buildConfigurations = (
				3622037B221BB747009649C1 /* Debug */,
				3622037C221BB747009649C1 /* Release */,
			);
			defaultConfigurationIsVisible = 0;
			defaultConfigurationName = Release;
		};
/* End XCConfigurationList section */
	};
	rootObject = 36220360221BB747009649C1 /* Project object */;
}
